
Microsoft Visual Studio Solution File, Format Version 12.00
# Visual Studio Version 17
VisualStudioVersion = 17.7.34031.279
MinimumVisualStudioVersion = 10.0.40219.1
Project("{FAE04EC0-301F-11D3-BF4B-00C04F79EFBC}") = "Tic Tac Toe", "Tic Tac Toe\Tic Tac Toe.csproj", "{8399C292-E30D-4A69-A90D-28F65146459D}"
EndProject
Global
	GlobalSection(SolutionConfigurationPlatforms) = preSolution
		Debug|Any CPU = Debug|Any CPU
		Release|Any CPU = Release|Any CPU
	EndGlobalSection
	GlobalSection(ProjectConfigurationPlatforms) = postSolution
		{8399C292-E30D-4A69-A90D-28F65146459D}.Debug|Any CPU.ActiveCfg = Debug|Any CPU
		{8399C292-E30D-4A69-A90D-28F65146459D}.Debug|Any CPU.Build.0 = Debug|Any CPU
		{8399C292-E30D-4A69-A90D-28F65146459D}.Release|Any CPU.ActiveCfg = Release|Any CPU
		{8399C292-E30D-4A69-A90D-28F65146459D}.Release|Any CPU.Build.0 = Release|Any CPU
	EndGlobalSection
	GlobalSection(SolutionProperties) = preSolution
		HideSolutionNode = FALSE
	EndGlobalSection
	GlobalSection(ExtensibilityGlobals) = postSolution
		SolutionGuid = {B31C5E1A-3D41-4A1A-AA45-D423D4808841}
	EndGlobalSection
EndGlobal
